{
  "name": "parallaxwebsite",
  "version": "1.0.0",
  "lockfileVersion": 1,
  "requires": true,
  "dependencies": {
    "axios": {
      "version": "0.12.0",
      "resolved": "https://registry.npmjs.org/axios/-/axios-0.12.0.tgz",
      "integrity": "sha1-uQewIhzDTsHJ+sGOx/B935V4W6Q=",
      "requires": {
        "follow-redirects": "0.0.7"
      }
    },
    "base-64": {
      "version": "0.1.0",
      "resolved": "https://registry.npmjs.org/base-64/-/base-64-0.1.0.tgz",
      "integrity": "sha1-eAqZyE59YAJgNhURxId2E78k9rs="
    },
    "console-polyfill": {
      "version": "0.2.3",
      "resolved": "https://registry.npmjs.org/console-polyfill/-/console-polyfill-0.2.3.tgz",
      "integrity": "sha1-1FXT1XTbzcz4DhYx3yGkhv4F+Yk="
    },
    "debug": {
      "version": "2.6.9",
      "resolved": "https://registry.npmjs.org/debug/-/debug-2.6.9.tgz",
      "integrity": "sha512-bC7ElrdJaJnPbAP+1EotYvqZsb3ecl5wi6Bfi6BJTUcNowp6cvspg0jXznRTKDjm/E7AdgFBVeAPVMNcKGsHMA==",
      "requires": {
        "ms": "2.0.0"
      }
    },
    "deepmerge": {
      "version": "1.5.2",
      "resolved": "https://registry.npmjs.org/deepmerge/-/deepmerge-1.5.2.tgz",
      "integrity": "sha512-95k0GDqvBjZavkuvzx/YqVLv/6YYa17fz6ILMSf7neqQITCPbnfEnQvEgMPNjH4kgobe7+WIL0yJEHku+H3qtQ=="
    },
    "es6-promise": {
      "version": "3.3.1",
      "resolved": "https://registry.npmjs.org/es6-promise/-/es6-promise-3.3.1.tgz",
      "integrity": "sha1-oIzd6EzNvzTQJ6FFG8kdS80ophM="
    },
    "es6-promise-promise": {
      "version": "1.0.0",
      "resolved": "https://registry.npmjs.org/es6-promise-promise/-/es6-promise-promise-1.0.0.tgz",
      "integrity": "sha1-OpHyNf3SsIxEkrVzTf0fQXKJuZQ=",
      "requires": {
        "es6-promise": "^3.2.1"
      }
    },
    "follow-redirects": {
      "version": "0.0.7",
      "resolved": "https://registry.npmjs.org/follow-redirects/-/follow-redirects-0.0.7.tgz",
      "integrity": "sha1-NLkLqyqRGqNHVx2pDyK9NuzYqRk=",
      "requires": {
        "debug": "^2.2.0",
        "stream-consume": "^0.1.0"
      }
    },
    "fullcalendar": {
      "version": "3.9.0",
      "resolved": "https://registry.npmjs.org/fullcalendar/-/fullcalendar-3.9.0.tgz",
      "integrity": "sha512-bbALDK8+SBqluv8SKPDeVNtaSr87NYblte/pRgV5NnDJWCEARpRlQ1qQ/XEakcAXbMZov6rWYIvLOrtKwQo2Bg==",
      "requires": {
        "jquery": "2 - 3",
        "moment": "^2.20.1"
      }
    },
    "humps": {
      "version": "0.7.0",
      "resolved": "https://registry.npmjs.org/humps/-/humps-0.7.0.tgz",
      "integrity": "sha1-SZd6Xis2YlJGzzj/3iOpDkU9URc="
    },
    "jquery": {
      "version": "3.3.1",
      "resolved": "https://registry.npmjs.org/jquery/-/jquery-3.3.1.tgz",
      "integrity": "sha512-Ubldcmxp5np52/ENotGxlLe6aGMvmF4R8S6tZjsP6Knsaxd/xp3Zrh50cG93lR6nPXyUFwzN3ZSOQI0wRJNdGg=="
    },
    "json-stringify-safe": {
      "version": "5.0.1",
      "resolved": "https://registry.npmjs.org/json-stringify-safe/-/json-stringify-safe-5.0.1.tgz",
      "integrity": "sha1-Epai1Y/UXxmg9s4B1lcB4sc1tus="
    },
    "moment": {
      "version": "2.22.2",
      "resolved": "https://registry.npmjs.org/moment/-/moment-2.22.2.tgz",
      "integrity": "sha1-PCV/mDn8DpP/UxSWMiOeuQeD/2Y="
    },
    "moment-timezone": {
      "version": "0.5.21",
      "resolved": "https://registry.npmjs.org/moment-timezone/-/moment-timezone-0.5.21.tgz",
      "integrity": "sha512-j96bAh4otsgj3lKydm3K7kdtA3iKf2m6MY2iSYCzCm5a1zmHo1g+aK3068dDEeocLZQIS9kU8bsdQHLqEvgW0A==",
      "requires": {
        "moment": ">= 2.9.0"
      }
    },
    "ms": {
      "version": "2.0.0",
      "resolved": "https://registry.npmjs.org/ms/-/ms-2.0.0.tgz",
      "integrity": "sha1-VgiurfwAvmwpAd9fmGF4jeDVl8g="
    },
    "sprintf-js": {
      "version": "1.1.1",
      "resolved": "https://registry.npmjs.org/sprintf-js/-/sprintf-js-1.1.1.tgz",
      "integrity": "sha1-Nr54Mgr+WAH2zqPueLblqrlA6gw="
    },
    "stream-consume": {
      "version": "0.1.1",
      "resolved": "https://registry.npmjs.org/stream-consume/-/stream-consume-0.1.1.tgz",
      "integrity": "sha512-tNa3hzgkjEP7XbCkbRXe1jpg+ievoa0O4SCFlMOYEscGSS4JJsckGL8swUyAa/ApGU3Ae4t6Honor4HhL+tRyg=="
    },
    "timekit-booking": {
      "version": "2.1.0",
      "resolved": "https://registry.npmjs.org/timekit-booking/-/timekit-booking-2.1.0.tgz",
      "integrity": "sha512-VRIRXDNbLCk+ACHXZzeMqGyECW1m/ROhKXbow42Gn0W5XlxrpnX8Ete94wyoe2p/O9vbxhs9t+SJEsyW1J/EWg==",
      "requires": {
        "console-polyfill": "^0.2.2",
        "es6-promise-promise": "^1.0.0",
        "fullcalendar": "^3.4.0",
        "json-stringify-safe": "^5.0.1",
        "moment": "^2.10.6",
        "moment-timezone": "^0.5.13",
        "sprintf-js": "^1.0.3",
        "timekit-sdk": "^1.16.0"
      }
    },
    "timekit-sdk": {
      "version": "1.16.0",
      "resolved": "https://registry.npmjs.org/timekit-sdk/-/timekit-sdk-1.16.0.tgz",
      "integrity": "sha512-oz13ciySh1K7mIfqVezMdWdDH9G/vtDUiYvC5EA6SRBYlxgilKMCXdsdHSg0UVyWIx+jcY9B6YxAeMFwStkI2A==",
      "requires": {
        "axios": "^0.12.0",
        "base-64": "^0.1.0",
        "deepmerge": "^1.5.2",
        "es6-promise-promise": "^1.0.0",
        "humps": "^0.7.0"
      }
    }
  }
}
